// !$*UTF8*$!
{
	archiveVersion = 1;
	classes = {
	};
	objectVersion = 50;
	objects = {

/* Begin PBXBuildFile section */
		953E2215256818F500E707A3 /* SE_AppetizersApp.swift in Sources */ = {isa = PBXBuildFile; fileRef = 953E2214256818F500E707A3 /* SE_AppetizersApp.swift */; };
		953E2217256818F500E707A3 /* AppetizerTabView.swift in Sources */ = {isa = PBXBuildFile; fileRef = 953E2216256818F500E707A3 /* AppetizerTabView.swift */; };
		953E2219256818F600E707A3 /* Assets.xcassets in Resources */ = {isa = PBXBuildFile; fileRef = 953E2218256818F600E707A3 /* Assets.xcassets */; };
		953E221C256818F600E707A3 /* Preview Assets.xcassets in Resources */ = {isa = PBXBuildFile; fileRef = 953E221B256818F600E707A3 /* Preview Assets.xcassets */; };
		953E222625681A0E00E707A3 /* AppetizerListView.swift in Sources */ = {isa = PBXBuildFile; fileRef = 953E222525681A0E00E707A3 /* AppetizerListView.swift */; };
		953E222925681A1700E707A3 /* AccountView.swift in Sources */ = {isa = PBXBuildFile; fileRef = 953E222825681A1700E707A3 /* AccountView.swift */; };
		953E222C25681A2100E707A3 /* OrderView.swift in Sources */ = {isa = PBXBuildFile; fileRef = 953E222B25681A2100E707A3 /* OrderView.swift */; };
		953E222F25683F3700E707A3 /* Appetizer.swift in Sources */ = {isa = PBXBuildFile; fileRef = 953E222E25683F3700E707A3 /* Appetizer.swift */; };
		953E22322568525900E707A3 /* AppetizerListCell.swift in Sources */ = {isa = PBXBuildFile; fileRef = 953E22312568525900E707A3 /* AppetizerListCell.swift */; };
		953E22352568536900E707A3 /* NetworkManager.swift in Sources */ = {isa = PBXBuildFile; fileRef = 953E22342568536900E707A3 /* NetworkManager.swift */; };
		953E22382568549900E707A3 /* ApError.swift in Sources */ = {isa = PBXBuildFile; fileRef = 953E22372568549900E707A3 /* ApError.swift */; };
		953E223B25685B8300E707A3 /* AppetizerListViewModel.swift in Sources */ = {isa = PBXBuildFile; fileRef = 953E223A25685B8300E707A3 /* AppetizerListViewModel.swift */; };
		953E223E25685E6A00E707A3 /* Alert.swift in Sources */ = {isa = PBXBuildFile; fileRef = 953E223D25685E6A00E707A3 /* Alert.swift */; };
		953E224125686A6F00E707A3 /* RemoteImage.swift in Sources */ = {isa = PBXBuildFile; fileRef = 953E224025686A6F00E707A3 /* RemoteImage.swift */; };
		954F9D46256935050061D6C9 /* AppetizerDetailView.swift in Sources */ = {isa = PBXBuildFile; fileRef = 954F9D45256935050061D6C9 /* AppetizerDetailView.swift */; };
		954F9D4A256942040061D6C9 /* ApButton.swift in Sources */ = {isa = PBXBuildFile; fileRef = 954F9D49256942040061D6C9 /* ApButton.swift */; };
		954F9D4E256942E50061D6C9 /* XDismissButton.swift in Sources */ = {isa = PBXBuildFile; fileRef = 954F9D4D256942E50061D6C9 /* XDismissButton.swift */; };
		954F9D5125694D410061D6C9 /* AccountViewModel.swift in Sources */ = {isa = PBXBuildFile; fileRef = 954F9D5025694D410061D6C9 /* AccountViewModel.swift */; };
		954F9D5625694EE40061D6C9 /* String+Ext.swift in Sources */ = {isa = PBXBuildFile; fileRef = 954F9D5525694EE40061D6C9 /* String+Ext.swift */; };
		954F9D5925694F6D0061D6C9 /* Color+Ext.swift in Sources */ = {isa = PBXBuildFile; fileRef = 954F9D5825694F6D0061D6C9 /* Color+Ext.swift */; };
		954F9D5C2569AE3D0061D6C9 /* User.swift in Sources */ = {isa = PBXBuildFile; fileRef = 954F9D5B2569AE3D0061D6C9 /* User.swift */; };
/* End PBXBuildFile section */

/* Begin PBXFileReference section */
		953E2211256818F500E707A3 /* SE-Appetizers.app */ = {isa = PBXFileReference; explicitFileType = wrapper.application; includeInIndex = 0; path = "SE-Appetizers.app"; sourceTree = BUILT_PRODUCTS_DIR; };
		953E2214256818F500E707A3 /* SE_AppetizersApp.swift */ = {isa = PBXFileReference; lastKnownFileType = sourcecode.swift; path = SE_AppetizersApp.swift; sourceTree = "<group>"; };
		953E2216256818F500E707A3 /* AppetizerTabView.swift */ = {isa = PBXFileReference; lastKnownFileType = sourcecode.swift; path = AppetizerTabView.swift; sourceTree = "<group>"; };
		953E2218256818F600E707A3 /* Assets.xcassets */ = {isa = PBXFileReference; lastKnownFileType = folder.assetcatalog; path = Assets.xcassets; sourceTree = "<group>"; };
		953E221B256818F600E707A3 /* Preview Assets.xcassets */ = {isa = PBXFileReference; lastKnownFileType = folder.assetcatalog; path = "Preview Assets.xcassets"; sourceTree = "<group>"; };
		953E221D256818F600E707A3 /* Info.plist */ = {isa = PBXFileReference; lastKnownFileType = text.plist.xml; path = Info.plist; sourceTree = "<group>"; };
		953E222525681A0E00E707A3 /* AppetizerListView.swift */ = {isa = PBXFileReference; lastKnownFileType = sourcecode.swift; path = AppetizerListView.swift; sourceTree = "<group>"; };
		953E222825681A1700E707A3 /* AccountView.swift */ = {isa = PBXFileReference; lastKnownFileType = sourcecode.swift; path = AccountView.swift; sourceTree = "<group>"; };
		953E222B25681A2100E707A3 /* OrderView.swift */ = {isa = PBXFileReference; lastKnownFileType = sourcecode.swift; path = OrderView.swift; sourceTree = "<group>"; };
		953E222E25683F3700E707A3 /* Appetizer.swift */ = {isa = PBXFileReference; lastKnownFileType = sourcecode.swift; path = Appetizer.swift; sourceTree = "<group>"; };
		953E22312568525900E707A3 /* AppetizerListCell.swift */ = {isa = PBXFileReference; lastKnownFileType = sourcecode.swift; path = AppetizerListCell.swift; sourceTree = "<group>"; };
		953E22342568536900E707A3 /* NetworkManager.swift */ = {isa = PBXFileReference; lastKnownFileType = sourcecode.swift; path = NetworkManager.swift; sourceTree = "<group>"; };
		953E22372568549900E707A3 /* ApError.swift */ = {isa = PBXFileReference; lastKnownFileType = sourcecode.swift; path = ApError.swift; sourceTree = "<group>"; };
		953E223A25685B8300E707A3 /* AppetizerListViewModel.swift */ = {isa = PBXFileReference; lastKnownFileType = sourcecode.swift; path = AppetizerListViewModel.swift; sourceTree = "<group>"; };
		953E223D25685E6A00E707A3 /* Alert.swift */ = {isa = PBXFileReference; lastKnownFileType = sourcecode.swift; path = Alert.swift; sourceTree = "<group>"; };
		953E224025686A6F00E707A3 /* RemoteImage.swift */ = {isa = PBXFileReference; lastKnownFileType = sourcecode.swift; path = RemoteImage.swift; sourceTree = "<group>"; };
		954F9D45256935050061D6C9 /* AppetizerDetailView.swift */ = {isa = PBXFileReference; lastKnownFileType = sourcecode.swift; path = AppetizerDetailView.swift; sourceTree = "<group>"; };
		954F9D49256942040061D6C9 /* ApButton.swift */ = {isa = PBXFileReference; lastKnownFileType = sourcecode.swift; path = ApButton.swift; sourceTree = "<group>"; };
		954F9D4D256942E50061D6C9 /* XDismissButton.swift */ = {isa = PBXFileReference; lastKnownFileType = sourcecode.swift; path = XDismissButton.swift; sourceTree = "<group>"; };
		954F9D5025694D410061D6C9 /* AccountViewModel.swift */ = {isa = PBXFileReference; lastKnownFileType = sourcecode.swift; path = AccountViewModel.swift; sourceTree = "<group>"; };
		954F9D5525694EE40061D6C9 /* String+Ext.swift */ = {isa = PBXFileReference; lastKnownFileType = sourcecode.swift; path = "String+Ext.swift"; sourceTree = "<group>"; };
		954F9D5825694F6D0061D6C9 /* Color+Ext.swift */ = {isa = PBXFileReference; lastKnownFileType = sourcecode.swift; path = "Color+Ext.swift"; sourceTree = "<group>"; };
		954F9D5B2569AE3D0061D6C9 /* User.swift */ = {isa = PBXFileReference; lastKnownFileType = sourcecode.swift; path = User.swift; sourceTree = "<group>"; };
/* End PBXFileReference section */

/* Begin PBXFrameworksBuildPhase section */
		953E220E256818F500E707A3 /* Frameworks */ = {
			isa = PBXFrameworksBuildPhase;
			buildActionMask = 2147483647;
			files = (
			);
			runOnlyForDeploymentPostprocessing = 0;
		};
/* End PBXFrameworksBuildPhase section */

/* Begin PBXGroup section */
		953E2208256818F500E707A3 = {
			isa = PBXGroup;
			children = (
				953E2213256818F500E707A3 /* SE-Appetizers */,
				953E2212256818F500E707A3 /* Products */,
			);
			sourceTree = "<group>";
		};
		953E2212256818F500E707A3 /* Products */ = {
			isa = PBXGroup;
			children = (
				953E2211256818F500E707A3 /* SE-Appetizers.app */,
			);
			name = Products;
			sourceTree = "<group>";
		};
		953E2213256818F500E707A3 /* SE-Appetizers */ = {
			isa = PBXGroup;
			children = (
				953E224B25686F6900E707A3 /* Model */,
				953E224725686F0300E707A3 /* Utilities */,
				953E224C25686F9C00E707A3 /* Views */,
				953E224325686E8E00E707A3 /* Screens */,
				953E2214256818F500E707A3 /* SE_AppetizersApp.swift */,
				953E2218256818F600E707A3 /* Assets.xcassets */,
				953E221D256818F600E707A3 /* Info.plist */,
				953E221A256818F600E707A3 /* Preview Content */,
			);
			path = "SE-Appetizers";
			sourceTree = "<group>";
		};
		953E221A256818F600E707A3 /* Preview Content */ = {
			isa = PBXGroup;
			children = (
				953E221B256818F600E707A3 /* Preview Assets.xcassets */,
			);
			path = "Preview Content";
			sourceTree = "<group>";
		};
		953E224325686E8E00E707A3 /* Screens */ = {
			isa = PBXGroup;
			children = (
				953E2216256818F500E707A3 /* AppetizerTabView.swift */,
				953E224425686E9D00E707A3 /* AppetizerListView */,
				953E224525686EAF00E707A3 /* AccountView */,
				953E224625686EBA00E707A3 /* OrderView */,
			);
			path = Screens;
			sourceTree = "<group>";
		};
		953E224425686E9D00E707A3 /* AppetizerListView */ = {
			isa = PBXGroup;
			children = (
				953E223A25685B8300E707A3 /* AppetizerListViewModel.swift */,
				953E222525681A0E00E707A3 /* AppetizerListView.swift */,
				954F9D45256935050061D6C9 /* AppetizerDetailView.swift */,
			);
			path = AppetizerListView;
			sourceTree = "<group>";
		};
		953E224525686EAF00E707A3 /* AccountView */ = {
			isa = PBXGroup;
			children = (
				954F9D5025694D410061D6C9 /* AccountViewModel.swift */,
				953E222825681A1700E707A3 /* AccountView.swift */,
			);
			path = AccountView;
			sourceTree = "<group>";
		};
		953E224625686EBA00E707A3 /* OrderView */ = {
			isa = PBXGroup;
			children = (
				953E222B25681A2100E707A3 /* OrderView.swift */,
			);
			path = OrderView;
			sourceTree = "<group>";
		};
		953E224725686F0300E707A3 /* Utilities */ = {
			isa = PBXGroup;
			children = (
				954F9D5425694ECB0061D6C9 /* Extensions */,
				953E224A25686F3600E707A3 /* Alerts */,
				953E224825686F0C00E707A3 /* Managers */,
			);
			path = Utilities;
			sourceTree = "<group>";
		};
		953E224825686F0C00E707A3 /* Managers */ = {
			isa = PBXGroup;
			children = (
				953E22342568536900E707A3 /* NetworkManager.swift */,
			);
			path = Managers;
			sourceTree = "<group>";
		};
		953E224A25686F3600E707A3 /* Alerts */ = {
			isa = PBXGroup;
			children = (
				953E22372568549900E707A3 /* ApError.swift */,
				953E223D25685E6A00E707A3 /* Alert.swift */,
			);
			path = Alerts;
			sourceTree = "<group>";
		};
		953E224B25686F6900E707A3 /* Model */ = {
			isa = PBXGroup;
			children = (
				953E222E25683F3700E707A3 /* Appetizer.swift */,
				954F9D5B2569AE3D0061D6C9 /* User.swift */,
			);
			path = Model;
			sourceTree = "<group>";
		};
		953E224C25686F9C00E707A3 /* Views */ = {
			isa = PBXGroup;
			children = (
				954F9D48256941F60061D6C9 /* Buttons */,
				953E224F25686FBE00E707A3 /* Images */,
				953E224E25686FB400E707A3 /* Cells */,
			);
			path = Views;
			sourceTree = "<group>";
		};
		953E224E25686FB400E707A3 /* Cells */ = {
			isa = PBXGroup;
			children = (
				953E22312568525900E707A3 /* AppetizerListCell.swift */,
			);
			path = Cells;
			sourceTree = "<group>";
		};
		953E224F25686FBE00E707A3 /* Images */ = {
			isa = PBXGroup;
			children = (
				953E224025686A6F00E707A3 /* RemoteImage.swift */,
			);
			path = Images;
			sourceTree = "<group>";
		};
		954F9D48256941F60061D6C9 /* Buttons */ = {
			isa = PBXGroup;
			children = (
				954F9D49256942040061D6C9 /* ApButton.swift */,
				954F9D4D256942E50061D6C9 /* XDismissButton.swift */,
			);
			path = Buttons;
			sourceTree = "<group>";
		};
		954F9D5425694ECB0061D6C9 /* Extensions */ = {
			isa = PBXGroup;
			children = (
				954F9D5525694EE40061D6C9 /* String+Ext.swift */,
				954F9D5825694F6D0061D6C9 /* Color+Ext.swift */,
			);
			path = Extensions;
			sourceTree = "<group>";
		};
/* End PBXGroup section */

/* Begin PBXNativeTarget section */
		953E2210256818F500E707A3 /* SE-Appetizers */ = {
			isa = PBXNativeTarget;
			buildConfigurationList = 953E2220256818F600E707A3 /* Build configuration list for PBXNativeTarget "SE-Appetizers" */;
			buildPhases = (
				953E220D256818F500E707A3 /* Sources */,
				953E220E256818F500E707A3 /* Frameworks */,
				953E220F256818F500E707A3 /* Resources */,
			);
			buildRules = (
			);
			dependencies = (
			);
			name = "SE-Appetizers";
			productName = "SE-Appetizers";
			productReference = 953E2211256818F500E707A3 /* SE-Appetizers.app */;
			productType = "com.apple.product-type.application";
		};
/* End PBXNativeTarget section */

/* Begin PBXProject section */
		953E2209256818F500E707A3 /* Project object */ = {
			isa = PBXProject;
			attributes = {
				LastSwiftUpdateCheck = 1220;
				LastUpgradeCheck = 1220;
				TargetAttributes = {
					953E2210256818F500E707A3 = {
						CreatedOnToolsVersion = 12.2;
					};
				};
			};
			buildConfigurationList = 953E220C256818F500E707A3 /* Build configuration list for PBXProject "SE-Appetizers" */;
			compatibilityVersion = "Xcode 9.3";
			developmentRegion = en;
			hasScannedForEncodings = 0;
			knownRegions = (
				en,
				Base,
			);
			mainGroup = 953E2208256818F500E707A3;
			productRefGroup = 953E2212256818F500E707A3 /* Products */;
			projectDirPath = "";
			projectRoot = "";
			targets = (
				953E2210256818F500E707A3 /* SE-Appetizers */,
			);
		};
/* End PBXProject section */

/* Begin PBXResourcesBuildPhase section */
		953E220F256818F500E707A3 /* Resources */ = {
			isa = PBXResourcesBuildPhase;
			buildActionMask = 2147483647;
			files = (
				953E221C256818F600E707A3 /* Preview Assets.xcassets in Resources */,
				953E2219256818F600E707A3 /* Assets.xcassets in Resources */,
			);
			runOnlyForDeploymentPostprocessing = 0;
		};
/* End PBXResourcesBuildPhase section */

/* Begin PBXSourcesBuildPhase section */
		953E220D256818F500E707A3 /* Sources */ = {
			isa = PBXSourcesBuildPhase;
			buildActionMask = 2147483647;
			files = (
				953E222F25683F3700E707A3 /* Appetizer.swift in Sources */,
				953E22382568549900E707A3 /* ApError.swift in Sources */,
				953E22322568525900E707A3 /* AppetizerListCell.swift in Sources */,
				954F9D5625694EE40061D6C9 /* String+Ext.swift in Sources */,
				953E224125686A6F00E707A3 /* RemoteImage.swift in Sources */,
				953E223B25685B8300E707A3 /* AppetizerListViewModel.swift in Sources */,
				953E222925681A1700E707A3 /* AccountView.swift in Sources */,
				954F9D4A256942040061D6C9 /* ApButton.swift in Sources */,
				953E2217256818F500E707A3 /* AppetizerTabView.swift in Sources */,
				953E22352568536900E707A3 /* NetworkManager.swift in Sources */,
				954F9D46256935050061D6C9 /* AppetizerDetailView.swift in Sources */,
				954F9D5925694F6D0061D6C9 /* Color+Ext.swift in Sources */,
				954F9D5125694D410061D6C9 /* AccountViewModel.swift in Sources */,
				953E2215256818F500E707A3 /* SE_AppetizersApp.swift in Sources */,
				953E223E25685E6A00E707A3 /* Alert.swift in Sources */,
				953E222625681A0E00E707A3 /* AppetizerListView.swift in Sources */,
				953E222C25681A2100E707A3 /* OrderView.swift in Sources */,
				954F9D4E256942E50061D6C9 /* XDismissButton.swift in Sources */,
				954F9D5C2569AE3D0061D6C9 /* User.swift in Sources */,
			);
			runOnlyForDeploymentPostprocessing = 0;
		};
/* End PBXSourcesBuildPhase section */

/* Begin XCBuildConfiguration section */
		953E221E256818F600E707A3 /* Debug */ = {
			isa = XCBuildConfiguration;
			buildSettings = {
				ALWAYS_SEARCH_USER_PATHS = NO;
				CLANG_ANALYZER_NONNULL = YES;
				CLANG_ANALYZER_NUMBER_OBJECT_CONVERSION = YES_AGGRESSIVE;
				CLANG_CXX_LANGUAGE_STANDARD = "gnu++14";
				CLANG_CXX_LIBRARY = "libc++";
				CLANG_ENABLE_MODULES = YES;
				CLANG_ENABLE_OBJC_ARC = YES;
				CLANG_ENABLE_OBJC_WEAK = YES;
				CLANG_WARN_BLOCK_CAPTURE_AUTORELEASING = YES;
				CLANG_WARN_BOOL_CONVERSION = YES;
				CLANG_WARN_COMMA = YES;
				CLANG_WARN_CONSTANT_CONVERSION = YES;
				CLANG_WARN_DEPRECATED_OBJC_IMPLEMENTATIONS = YES;
				CLANG_WARN_DIRECT_OBJC_ISA_USAGE = YES_ERROR;
				CLANG_WARN_DOCUMENTATION_COMMENTS = YES;
				CLANG_WARN_EMPTY_BODY = YES;
				CLANG_WARN_ENUM_CONVERSION = YES;
				CLANG_WARN_INFINITE_RECURSION = YES;
				CLANG_WARN_INT_CONVERSION = YES;
				CLANG_WARN_NON_LITERAL_NULL_CONVERSION = YES;
				CLANG_WARN_OBJC_IMPLICIT_RETAIN_SELF = YES;
				CLANG_WARN_OBJC_LITERAL_CONVERSION = YES;
				CLANG_WARN_OBJC_ROOT_CLASS = YES_ERROR;
				CLANG_WARN_QUOTED_INCLUDE_IN_FRAMEWORK_HEADER = YES;
				CLANG_WARN_RANGE_LOOP_ANALYSIS = YES;
				CLANG_WARN_STRICT_PROTOTYPES = YES;
				CLANG_WARN_SUSPICIOUS_MOVE = YES;
				CLANG_WARN_UNGUARDED_AVAILABILITY = YES_AGGRESSIVE;
				CLANG_WARN_UNREACHABLE_CODE = YES;
				CLANG_WARN__DUPLICATE_METHOD_MATCH = YES;
				COPY_PHASE_STRIP = NO;
				DEBUG_INFORMATION_FORMAT = dwarf;
				ENABLE_STRICT_OBJC_MSGSEND = YES;
				ENABLE_TESTABILITY = YES;
				GCC_C_LANGUAGE_STANDARD = gnu11;
				GCC_DYNAMIC_NO_PIC = NO;
				GCC_NO_COMMON_BLOCKS = YES;
				GCC_OPTIMIZATION_LEVEL = 0;
				GCC_PREPROCESSOR_DEFINITIONS = (
					"DEBUG=1",
					"$(inherited)",
				);
				GCC_WARN_64_TO_32_BIT_CONVERSION = YES;
				GCC_WARN_ABOUT_RETURN_TYPE = YES_ERROR;
				GCC_WARN_UNDECLARED_SELECTOR = YES;
				GCC_WARN_UNINITIALIZED_AUTOS = YES_AGGRESSIVE;
				GCC_WARN_UNUSED_FUNCTION = YES;
				GCC_WARN_UNUSED_VARIABLE = YES;
				IPHONEOS_DEPLOYMENT_TARGET = 14.2;
				MTL_ENABLE_DEBUG_INFO = INCLUDE_SOURCE;
				MTL_FAST_MATH = YES;
				ONLY_ACTIVE_ARCH = YES;
				SDKROOT = iphoneos;
				SWIFT_ACTIVE_COMPILATION_CONDITIONS = DEBUG;
				SWIFT_OPTIMIZATION_LEVEL = "-Onone";
			};
			name = Debug;
		};
		953E221F256818F600E707A3 /* Release */ = {
			isa = XCBuildConfiguration;
			buildSettings = {
				ALWAYS_SEARCH_USER_PATHS = NO;
				CLANG_ANALYZER_NONNULL = YES;
				CLANG_ANALYZER_NUMBER_OBJECT_CONVERSION = YES_AGGRESSIVE;
				CLANG_CXX_LANGUAGE_STANDARD = "gnu++14";
				CLANG_CXX_LIBRARY = "libc++";
				CLANG_ENABLE_MODULES = YES;
				CLANG_ENABLE_OBJC_ARC = YES;
				CLANG_ENABLE_OBJC_WEAK = YES;
				CLANG_WARN_BLOCK_CAPTURE_AUTORELEASING = YES;
				CLANG_WARN_BOOL_CONVERSION = YES;
				CLANG_WARN_COMMA = YES;
				CLANG_WARN_CONSTANT_CONVERSION = YES;
				CLANG_WARN_DEPRECATED_OBJC_IMPLEMENTATIONS = YES;
				CLANG_WARN_DIRECT_OBJC_ISA_USAGE = YES_ERROR;
				CLANG_WARN_DOCUMENTATION_COMMENTS = YES;
				CLANG_WARN_EMPTY_BODY = YES;
				CLANG_WARN_ENUM_CONVERSION = YES;
				CLANG_WARN_INFINITE_RECURSION = YES;
				CLANG_WARN_INT_CONVERSION = YES;
				CLANG_WARN_NON_LITERAL_NULL_CONVERSION = YES;
				CLANG_WARN_OBJC_IMPLICIT_RETAIN_SELF = YES;
				CLANG_WARN_OBJC_LITERAL_CONVERSION = YES;
				CLANG_WARN_OBJC_ROOT_CLASS = YES_ERROR;
				CLANG_WARN_QUOTED_INCLUDE_IN_FRAMEWORK_HEADER = YES;
				CLANG_WARN_RANGE_LOOP_ANALYSIS = YES;
				CLANG_WARN_STRICT_PROTOTYPES = YES;
				CLANG_WARN_SUSPICIOUS_MOVE = YES;
				CLANG_WARN_UNGUARDED_AVAILABILITY = YES_AGGRESSIVE;
				CLANG_WARN_UNREACHABLE_CODE = YES;
				CLANG_WARN__DUPLICATE_METHOD_MATCH = YES;
				COPY_PHASE_STRIP = NO;
				DEBUG_INFORMATION_FORMAT = "dwarf-with-dsym";
				ENABLE_NS_ASSERTIONS = NO;
				ENABLE_STRICT_OBJC_MSGSEND = YES;
				GCC_C_LANGUAGE_STANDARD = gnu11;
				GCC_NO_COMMON_BLOCKS = YES;
				GCC_WARN_64_TO_32_BIT_CONVERSION = YES;
				GCC_WARN_ABOUT_RETURN_TYPE = YES_ERROR;
				GCC_WARN_UNDECLARED_SELECTOR = YES;
				GCC_WARN_UNINITIALIZED_AUTOS = YES_AGGRESSIVE;
				GCC_WARN_UNUSED_FUNCTION = YES;
				GCC_WARN_UNUSED_VARIABLE = YES;
				IPHONEOS_DEPLOYMENT_TARGET = 14.2;
				MTL_ENABLE_DEBUG_INFO = NO;
				MTL_FAST_MATH = YES;
				SDKROOT = iphoneos;
				SWIFT_COMPILATION_MODE = wholemodule;
				SWIFT_OPTIMIZATION_LEVEL = "-O";
				VALIDATE_PRODUCT = YES;
			};
			name = Release;
		};
		953E2221256818F600E707A3 /* Debug */ = {
			isa = XCBuildConfiguration;
			buildSettings = {
				ASSETCATALOG_COMPILER_APPICON_NAME = AppIcon;
				ASSETCATALOG_COMPILER_GLOBAL_ACCENT_COLOR_NAME = AccentColor;
				CODE_SIGN_STYLE = Automatic;
				DEVELOPMENT_ASSET_PATHS = "\"SE-Appetizers/Preview Content\"";
				DEVELOPMENT_TEAM = 7HRBP97NH3;
				ENABLE_PREVIEWS = YES;
				INFOPLIST_FILE = "SE-Appetizers/Info.plist";
				IPHONEOS_DEPLOYMENT_TARGET = 14.0;
				LD_RUNPATH_SEARCH_PATHS = (
					"$(inherited)",
					"@executable_path/Frameworks",
				);
				PRODUCT_BUNDLE_IDENTIFIER = "com.onderkosar.SE-Appetizers";
				PRODUCT_NAME = "$(TARGET_NAME)";
				SWIFT_VERSION = 5.0;
				TARGETED_DEVICE_FAMILY = "1,2";
			};
			name = Debug;
		};
		953E2222256818F600E707A3 /* Release */ = {
			isa = XCBuildConfiguration;
			buildSettings = {
				ASSETCATALOG_COMPILER_APPICON_NAME = AppIcon;
				ASSETCATALOG_COMPILER_GLOBAL_ACCENT_COLOR_NAME = AccentColor;
				CODE_SIGN_STYLE = Automatic;
				DEVELOPMENT_ASSET_PATHS = "\"SE-Appetizers/Preview Content\"";
				DEVELOPMENT_TEAM = 7HRBP97NH3;
				ENABLE_PREVIEWS = YES;
				INFOPLIST_FILE = "SE-Appetizers/Info.plist";
				IPHONEOS_DEPLOYMENT_TARGET = 14.0;
				LD_RUNPATH_SEARCH_PATHS = (
					"$(inherited)",
					"@executable_path/Frameworks",
				);
				PRODUCT_BUNDLE_IDENTIFIER = "com.onderkosar.SE-Appetizers";
				PRODUCT_NAME = "$(TARGET_NAME)";
				SWIFT_VERSION = 5.0;
				TARGETED_DEVICE_FAMILY = "1,2";
			};
			name = Release;
		};
/* End XCBuildConfiguration section */

/* Begin XCConfigurationList section */
		953E220C256818F500E707A3 /* Build configuration list for PBXProject "SE-Appetizers" */ = {
			isa = XCConfigurationList;
			buildConfigurations = (
				953E221E256818F600E707A3 /* Debug */,
				953E221F256818F600E707A3 /* Release */,
			);
			defaultConfigurationIsVisible = 0;
			defaultConfigurationName = Release;
		};
		953E2220256818F600E707A3 /* Build configuration list for PBXNativeTarget "SE-Appetizers" */ = {
			isa = XCConfigurationList;
			buildConfigurations = (
				953E2221256818F600E707A3 /* Debug */,
				953E2222256818F600E707A3 /* Release */,
			);
			defaultConfigurationIsVisible = 0;
			defaultConfigurationName = Release;
		};
/* End XCConfigurationList section */
	};
	rootObject = 953E2209256818F500E707A3 /* Project object */;
}
